// !$*UTF8*$!
{
	archiveVersion = 1;
	classes = {
	};
	objectVersion = 50;
	objects = {

/* Begin PBXBuildFile section */
		F550A742239ADC0400DF5FED /* AppDelegate.swift in Sources */ = {isa = PBXBuildFile; fileRef = F550A741239ADC0400DF5FED /* AppDelegate.swift */; };
		F550A744239ADC0400DF5FED /* SceneDelegate.swift in Sources */ = {isa = PBXBuildFile; fileRef = F550A743239ADC0400DF5FED /* SceneDelegate.swift */; };
		F550A746239ADC0400DF5FED /* ContentView.swift in Sources */ = {isa = PBXBuildFile; fileRef = F550A745239ADC0400DF5FED /* ContentView.swift */; };
		F550A748239ADC0800DF5FED /* Assets.xcassets in Resources */ = {isa = PBXBuildFile; fileRef = F550A747239ADC0800DF5FED /* Assets.xcassets */; };
		F550A74B239ADC0800DF5FED /* Preview Assets.xcassets in Resources */ = {isa = PBXBuildFile; fileRef = F550A74A239ADC0800DF5FED /* Preview Assets.xcassets */; };
		F550A74E239ADC0800DF5FED /* LaunchScreen.storyboard in Resources */ = {isa = PBXBuildFile; fileRef = F550A74C239ADC0800DF5FED /* LaunchScreen.storyboard */; };
		F550A756239AE2DB00DF5FED /* gameScreen.swift in Sources */ = {isa = PBXBuildFile; fileRef = F550A755239AE2DB00DF5FED /* gameScreen.swift */; };
		F550A759239AE41200DF5FED /* GameModel.swift in Sources */ = {isa = PBXBuildFile; fileRef = F550A758239AE41200DF5FED /* GameModel.swift */; };
		F550A75B239AE4B900DF5FED /* GameBoard.swift in Sources */ = {isa = PBXBuildFile; fileRef = F550A75A239AE4B900DF5FED /* GameBoard.swift */; };
		F550A75D239AE9F400DF5FED /* Moves.swift in Sources */ = {isa = PBXBuildFile; fileRef = F550A75C239AE9F400DF5FED /* Moves.swift */; };
/* End PBXBuildFile section */

/* Begin PBXFileReference section */
		F550A73E239ADC0400DF5FED /* game_2048.app */ = {isa = PBXFileReference; explicitFileType = wrapper.application; includeInIndex = 0; path = game_2048.app; sourceTree = BUILT_PRODUCTS_DIR; };
		F550A741239ADC0400DF5FED /* AppDelegate.swift */ = {isa = PBXFileReference; lastKnownFileType = sourcecode.swift; path = AppDelegate.swift; sourceTree = "<group>"; };
		F550A743239ADC0400DF5FED /* SceneDelegate.swift */ = {isa = PBXFileReference; lastKnownFileType = sourcecode.swift; path = SceneDelegate.swift; sourceTree = "<group>"; };
		F550A745239ADC0400DF5FED /* ContentView.swift */ = {isa = PBXFileReference; lastKnownFileType = sourcecode.swift; path = ContentView.swift; sourceTree = "<group>"; };
		F550A747239ADC0800DF5FED /* Assets.xcassets */ = {isa = PBXFileReference; lastKnownFileType = folder.assetcatalog; path = Assets.xcassets; sourceTree = "<group>"; };
		F550A74A239ADC0800DF5FED /* Preview Assets.xcassets */ = {isa = PBXFileReference; lastKnownFileType = folder.assetcatalog; path = "Preview Assets.xcassets"; sourceTree = "<group>"; };
		F550A74D239ADC0800DF5FED /* Base */ = {isa = PBXFileReference; lastKnownFileType = file.storyboard; name = Base; path = Base.lproj/LaunchScreen.storyboard; sourceTree = "<group>"; };
		F550A74F239ADC0800DF5FED /* Info.plist */ = {isa = PBXFileReference; lastKnownFileType = text.plist.xml; path = Info.plist; sourceTree = "<group>"; };
		F550A755239AE2DB00DF5FED /* gameScreen.swift */ = {isa = PBXFileReference; lastKnownFileType = sourcecode.swift; path = gameScreen.swift; sourceTree = "<group>"; };
		F550A757239AE3D900DF5FED /* MyPlayground.playground */ = {isa = PBXFileReference; lastKnownFileType = file.playground; path = MyPlayground.playground; sourceTree = "<group>"; xcLanguageSpecificationIdentifier = xcode.lang.swift; };
		F550A758239AE41200DF5FED /* GameModel.swift */ = {isa = PBXFileReference; lastKnownFileType = sourcecode.swift; path = GameModel.swift; sourceTree = "<group>"; };
		F550A75A239AE4B900DF5FED /* GameBoard.swift */ = {isa = PBXFileReference; lastKnownFileType = sourcecode.swift; path = GameBoard.swift; sourceTree = "<group>"; };
		F550A75C239AE9F400DF5FED /* Moves.swift */ = {isa = PBXFileReference; lastKnownFileType = sourcecode.swift; path = Moves.swift; sourceTree = "<group>"; };
/* End PBXFileReference section */

/* Begin PBXFrameworksBuildPhase section */
		F550A73B239ADC0400DF5FED /* Frameworks */ = {
			isa = PBXFrameworksBuildPhase;
			buildActionMask = 2147483647;
			files = (
			);
			runOnlyForDeploymentPostprocessing = 0;
		};
/* End PBXFrameworksBuildPhase section */

/* Begin PBXGroup section */
		F550A735239ADC0400DF5FED = {
			isa = PBXGroup;
			children = (
				F550A740239ADC0400DF5FED /* game_2048 */,
				F550A73F239ADC0400DF5FED /* Products */,
			);
			sourceTree = "<group>";
		};
		F550A73F239ADC0400DF5FED /* Products */ = {
			isa = PBXGroup;
			children = (
				F550A73E239ADC0400DF5FED /* game_2048.app */,
			);
			name = Products;
			sourceTree = "<group>";
		};
		F550A740239ADC0400DF5FED /* game_2048 */ = {
			isa = PBXGroup;
			children = (
				F550A741239ADC0400DF5FED /* AppDelegate.swift */,
				F550A743239ADC0400DF5FED /* SceneDelegate.swift */,
				F550A745239ADC0400DF5FED /* ContentView.swift */,
				F550A747239ADC0800DF5FED /* Assets.xcassets */,
				F550A74C239ADC0800DF5FED /* LaunchScreen.storyboard */,
				F550A74F239ADC0800DF5FED /* Info.plist */,
				F550A749239ADC0800DF5FED /* Preview Content */,
				F550A755239AE2DB00DF5FED /* gameScreen.swift */,
				F550A757239AE3D900DF5FED /* MyPlayground.playground */,
				F550A758239AE41200DF5FED /* GameModel.swift */,
				F550A75A239AE4B900DF5FED /* GameBoard.swift */,
				F550A75C239AE9F400DF5FED /* Moves.swift */,
			);
			path = game_2048;
			sourceTree = "<group>";
		};
		F550A749239ADC0800DF5FED /* Preview Content */ = {
			isa = PBXGroup;
			children = (
				F550A74A239ADC0800DF5FED /* Preview Assets.xcassets */,
			);
			path = "Preview Content";
			sourceTree = "<group>";
		};
/* End PBXGroup section */

/* Begin PBXNativeTarget section */
		F550A73D239ADC0400DF5FED /* game_2048 */ = {
			isa = PBXNativeTarget;
			buildConfigurationList = F550A752239ADC0800DF5FED /* Build configuration list for PBXNativeTarget "game_2048" */;
			buildPhases = (
				F550A73A239ADC0400DF5FED /* Sources */,
				F550A73B239ADC0400DF5FED /* Frameworks */,
				F550A73C239ADC0400DF5FED /* Resources */,
			);
			buildRules = (
			);
			dependencies = (
			);
			name = game_2048;
			productName = game_2048;
			productReference = F550A73E239ADC0400DF5FED /* game_2048.app */;
			productType = "com.apple.product-type.application";
		};
/* End PBXNativeTarget section */

/* Begin PBXProject section */
		F550A736239ADC0400DF5FED /* Project object */ = {
			isa = PBXProject;
			attributes = {
				LastSwiftUpdateCheck = 1110;
				LastUpgradeCheck = 1110;
				ORGANIZATIONNAME = "Kartik Gupta";
				TargetAttributes = {
					F550A73D239ADC0400DF5FED = {
						CreatedOnToolsVersion = 11.1;
					};
				};
			};
			buildConfigurationList = F550A739239ADC0400DF5FED /* Build configuration list for PBXProject "game_2048" */;
			compatibilityVersion = "Xcode 9.3";
			developmentRegion = en;
			hasScannedForEncodings = 0;
			knownRegions = (
				en,
				Base,
			);
			mainGroup = F550A735239ADC0400DF5FED;
			productRefGroup = F550A73F239ADC0400DF5FED /* Products */;
			projectDirPath = "";
			projectRoot = "";
			targets = (
				F550A73D239ADC0400DF5FED /* game_2048 */,
			);
		};
/* End PBXProject section */

/* Begin PBXResourcesBuildPhase section */
		F550A73C239ADC0400DF5FED /* Resources */ = {
			isa = PBXResourcesBuildPhase;
			buildActionMask = 2147483647;
			files = (
				F550A74E239ADC0800DF5FED /* LaunchScreen.storyboard in Resources */,
				F550A74B239ADC0800DF5FED /* Preview Assets.xcassets in Resources */,
				F550A748239ADC0800DF5FED /* Assets.xcassets in Resources */,
			);
			runOnlyForDeploymentPostprocessing = 0;
		};
/* End PBXResourcesBuildPhase section */

/* Begin PBXSourcesBuildPhase section */
		F550A73A239ADC0400DF5FED /* Sources */ = {
			isa = PBXSourcesBuildPhase;
			buildActionMask = 2147483647;
			files = (
				F550A759239AE41200DF5FED /* GameModel.swift in Sources */,
				F550A742239ADC0400DF5FED /* AppDelegate.swift in Sources */,
				F550A75D239AE9F400DF5FED /* Moves.swift in Sources */,
				F550A756239AE2DB00DF5FED /* gameScreen.swift in Sources */,
				F550A744239ADC0400DF5FED /* SceneDelegate.swift in Sources */,
				F550A75B239AE4B900DF5FED /* GameBoard.swift in Sources */,
				F550A746239ADC0400DF5FED /* ContentView.swift in Sources */,
			);
			runOnlyForDeploymentPostprocessing = 0;
		};
/* End PBXSourcesBuildPhase section */

/* Begin PBXVariantGroup section */
		F550A74C239ADC0800DF5FED /* LaunchScreen.storyboard */ = {
			isa = PBXVariantGroup;
			children = (
				F550A74D239ADC0800DF5FED /* Base */,
			);
			name = LaunchScreen.storyboard;
			sourceTree = "<group>";
		};
/* End PBXVariantGroup section */

/* Begin XCBuildConfiguration section */
		F550A750239ADC0800DF5FED /* Debug */ = {
			isa = XCBuildConfiguration;
			buildSettings = {
				ALWAYS_SEARCH_USER_PATHS = NO;
				CLANG_ANALYZER_NONNULL = YES;
				CLANG_ANALYZER_NUMBER_OBJECT_CONVERSION = YES_AGGRESSIVE;
				CLANG_CXX_LANGUAGE_STANDARD = "gnu++14";
				CLANG_CXX_LIBRARY = "libc++";
				CLANG_ENABLE_MODULES = YES;
				CLANG_ENABLE_OBJC_ARC = YES;
				CLANG_ENABLE_OBJC_WEAK = YES;
				CLANG_WARN_BLOCK_CAPTURE_AUTORELEASING = YES;
				CLANG_WARN_BOOL_CONVERSION = YES;
				CLANG_WARN_COMMA = YES;
				CLANG_WARN_CONSTANT_CONVERSION = YES;
				CLANG_WARN_DEPRECATED_OBJC_IMPLEMENTATIONS = YES;
				CLANG_WARN_DIRECT_OBJC_ISA_USAGE = YES_ERROR;
				CLANG_WARN_DOCUMENTATION_COMMENTS = YES;
				CLANG_WARN_EMPTY_BODY = YES;
				CLANG_WARN_ENUM_CONVERSION = YES;
				CLANG_WARN_INFINITE_RECURSION = YES;
				CLANG_WARN_INT_CONVERSION = YES;
				CLANG_WARN_NON_LITERAL_NULL_CONVERSION = YES;
				CLANG_WARN_OBJC_IMPLICIT_RETAIN_SELF = YES;
				CLANG_WARN_OBJC_LITERAL_CONVERSION = YES;
				CLANG_WARN_OBJC_ROOT_CLASS = YES_ERROR;
				CLANG_WARN_RANGE_LOOP_ANALYSIS = YES;
				CLANG_WARN_STRICT_PROTOTYPES = YES;
				CLANG_WARN_SUSPICIOUS_MOVE = YES;
				CLANG_WARN_UNGUARDED_AVAILABILITY = YES_AGGRESSIVE;
				CLANG_WARN_UNREACHABLE_CODE = YES;
				CLANG_WARN__DUPLICATE_METHOD_MATCH = YES;
				COPY_PHASE_STRIP = NO;
				DEBUG_INFORMATION_FORMAT = dwarf;
				ENABLE_STRICT_OBJC_MSGSEND = YES;
				ENABLE_TESTABILITY = YES;
				GCC_C_LANGUAGE_STANDARD = gnu11;
				GCC_DYNAMIC_NO_PIC = NO;
				GCC_NO_COMMON_BLOCKS = YES;
				GCC_OPTIMIZATION_LEVEL = 0;
				GCC_PREPROCESSOR_DEFINITIONS = (
					"DEBUG=1",
					"$(inherited)",
				);
				GCC_WARN_64_TO_32_BIT_CONVERSION = YES;
				GCC_WARN_ABOUT_RETURN_TYPE = YES_ERROR;
				GCC_WARN_UNDECLARED_SELECTOR = YES;
				GCC_WARN_UNINITIALIZED_AUTOS = YES_AGGRESSIVE;
				GCC_WARN_UNUSED_FUNCTION = YES;
				GCC_WARN_UNUSED_VARIABLE = YES;
				IPHONEOS_DEPLOYMENT_TARGET = 13.1;
				MTL_ENABLE_DEBUG_INFO = INCLUDE_SOURCE;
				MTL_FAST_MATH = YES;
				ONLY_ACTIVE_ARCH = YES;
				SDKROOT = iphoneos;
				SWIFT_ACTIVE_COMPILATION_CONDITIONS = DEBUG;
				SWIFT_OPTIMIZATION_LEVEL = "-Onone";
			};
			name = Debug;
		};
		F550A751239ADC0800DF5FED /* Release */ = {
			isa = XCBuildConfiguration;
			buildSettings = {
				ALWAYS_SEARCH_USER_PATHS = NO;
				CLANG_ANALYZER_NONNULL = YES;
				CLANG_ANALYZER_NUMBER_OBJECT_CONVERSION = YES_AGGRESSIVE;
				CLANG_CXX_LANGUAGE_STANDARD = "gnu++14";
				CLANG_CXX_LIBRARY = "libc++";
				CLANG_ENABLE_MODULES = YES;
				CLANG_ENABLE_OBJC_ARC = YES;
				CLANG_ENABLE_OBJC_WEAK = YES;
				CLANG_WARN_BLOCK_CAPTURE_AUTORELEASING = YES;
				CLANG_WARN_BOOL_CONVERSION = YES;
				CLANG_WARN_COMMA = YES;
				CLANG_WARN_CONSTANT_CONVERSION = YES;
				CLANG_WARN_DEPRECATED_OBJC_IMPLEMENTATIONS = YES;
				CLANG_WARN_DIRECT_OBJC_ISA_USAGE = YES_ERROR;
				CLANG_WARN_DOCUMENTATION_COMMENTS = YES;
				CLANG_WARN_EMPTY_BODY = YES;
				CLANG_WARN_ENUM_CONVERSION = YES;
				CLANG_WARN_INFINITE_RECURSION = YES;
				CLANG_WARN_INT_CONVERSION = YES;
				CLANG_WARN_NON_LITERAL_NULL_CONVERSION = YES;
				CLANG_WARN_OBJC_IMPLICIT_RETAIN_SELF = YES;
				CLANG_WARN_OBJC_LITERAL_CONVERSION = YES;
				CLANG_WARN_OBJC_ROOT_CLASS = YES_ERROR;
				CLANG_WARN_RANGE_LOOP_ANALYSIS = YES;
				CLANG_WARN_STRICT_PROTOTYPES = YES;
				CLANG_WARN_SUSPICIOUS_MOVE = YES;
				CLANG_WARN_UNGUARDED_AVAILABILITY = YES_AGGRESSIVE;
				CLANG_WARN_UNREACHABLE_CODE = YES;
				CLANG_WARN__DUPLICATE_METHOD_MATCH = YES;
				COPY_PHASE_STRIP = NO;
				DEBUG_INFORMATION_FORMAT = "dwarf-with-dsym";
				ENABLE_NS_ASSERTIONS = NO;
				ENABLE_STRICT_OBJC_MSGSEND = YES;
				GCC_C_LANGUAGE_STANDARD = gnu11;
				GCC_NO_COMMON_BLOCKS = YES;
				GCC_WARN_64_TO_32_BIT_CONVERSION = YES;
				GCC_WARN_ABOUT_RETURN_TYPE = YES_ERROR;
				GCC_WARN_UNDECLARED_SELECTOR = YES;
				GCC_WARN_UNINITIALIZED_AUTOS = YES_AGGRESSIVE;
				GCC_WARN_UNUSED_FUNCTION = YES;
				GCC_WARN_UNUSED_VARIABLE = YES;
				IPHONEOS_DEPLOYMENT_TARGET = 13.1;
				MTL_ENABLE_DEBUG_INFO = NO;
				MTL_FAST_MATH = YES;
				SDKROOT = iphoneos;
				SWIFT_COMPILATION_MODE = wholemodule;
				SWIFT_OPTIMIZATION_LEVEL = "-O";
				VALIDATE_PRODUCT = YES;
			};
			name = Release;
		};
		F550A753239ADC0800DF5FED /* Debug */ = {
			isa = XCBuildConfiguration;
			buildSettings = {
				ASSETCATALOG_COMPILER_APPICON_NAME = AppIcon;
				CODE_SIGN_STYLE = Automatic;
				DEVELOPMENT_ASSET_PATHS = "\"game_2048/Preview Content\"";
				DEVELOPMENT_TEAM = HFJ92R2AA9;
				ENABLE_PREVIEWS = YES;
				INFOPLIST_FILE = game_2048/Info.plist;
				LD_RUNPATH_SEARCH_PATHS = (
					"$(inherited)",
					"@executable_path/Frameworks",
				);
				PRODUCT_BUNDLE_IDENTIFIER = "com.kartik.game-2048";
				PRODUCT_NAME = "$(TARGET_NAME)";
				SWIFT_VERSION = 5.0;
				TARGETED_DEVICE_FAMILY = "1,2";
			};
			name = Debug;
		};
		F550A754239ADC0800DF5FED /* Release */ = {
			isa = XCBuildConfiguration;
			buildSettings = {
				ASSETCATALOG_COMPILER_APPICON_NAME = AppIcon;
				CODE_SIGN_STYLE = Automatic;
				DEVELOPMENT_ASSET_PATHS = "\"game_2048/Preview Content\"";
				DEVELOPMENT_TEAM = HFJ92R2AA9;
				ENABLE_PREVIEWS = YES;
				INFOPLIST_FILE = game_2048/Info.plist;
				LD_RUNPATH_SEARCH_PATHS = (
					"$(inherited)",
					"@executable_path/Frameworks",
				);
				PRODUCT_BUNDLE_IDENTIFIER = "com.kartik.game-2048";
				PRODUCT_NAME = "$(TARGET_NAME)";
				SWIFT_VERSION = 5.0;
				TARGETED_DEVICE_FAMILY = "1,2";
			};
			name = Release;
		};
/* End XCBuildConfiguration section */

/* Begin XCConfigurationList section */
		F550A739239ADC0400DF5FED /* Build configuration list for PBXProject "game_2048" */ = {
			isa = XCConfigurationList;
			buildConfigurations = (
				F550A750239ADC0800DF5FED /* Debug */,
				F550A751239ADC0800DF5FED /* Release */,
			);
			defaultConfigurationIsVisible = 0;
			defaultConfigurationName = Release;
		};
		F550A752239ADC0800DF5FED /* Build configuration list for PBXNativeTarget "game_2048" */ = {
			isa = XCConfigurationList;
			buildConfigurations = (
				F550A753239ADC0800DF5FED /* Debug */,
				F550A754239ADC0800DF5FED /* Release */,
			);
			defaultConfigurationIsVisible = 0;
			defaultConfigurationName = Release;
		};
/* End XCConfigurationList section */
	};
	rootObject = F550A736239ADC0400DF5FED /* Project object */;
}
